github.com/adrg/xdg v0.5.3 h1:xRnxJXne7+oWDatRhR1JLnvuccuIeCoBu2rtuLqQB78=
github.com/adrg/xdg v0.5.3/go.mod h1:nlTsY+NNiCBGCK2tpm09vRqfVzrc2fLmXGpBLF0zlTQ=
github.com/davecgh/go-spew v1.1.1 h1:vj9j/u1bqnvCEfJOwUhtlOARqs3+rkHYY13jYWTU97c=
github.com/davecgh/go-spew v1.1.1/go.mod h1:J7Y8YcW2NihsgmVo/mv3lAwl/skON4iLHjSsI+c5H38=
github.com/go-crdt/crdt v0.19.0 h1:uReT74OxAw4dmONY/PlLUhehH6XuAxjYKToH9sR3/zA=
github.com/go-crdt/crdt v0.19.0/go.mod h1:vbfvns9B9FUaMi2sPKzMYttKmbxfgO7EK3Yu82SrlYw=
github.com/go-freedesktop/icontheme v0.0.0-20260806213759-7a51b87ca277 h1:wg9oAHBkDb3OiItD9uIkfQbKhVhR+4WViAK3d8tUpF8=
github.com/go-freedesktop/icontheme v0.0.0-20260806213759-7a51b87ca277/go.mod h1:1pd0HU10jyrUagmXSerxxnP7JI7yNQwYgtHEIjszMIs=
github.com/go-gfx/gfx v0.6.0 h1:sQkGEmB9YLouHxrscwvS4OW6oELsTtrKtQqsNdJ8L8Q=
github.com/go-gfx/gfx v0.6.0/go.mod h1:bFt/MWyYWRU3Ic9IaB8XOC9KLMMHRRmahMk4FaIGK7g=
github.com/go-iconoir/iconoir v0.2.0 h1:2ANqG6gkvHMoCtpNgNhSeOsuGMnlWQ+Sl43EndujIC0=
github.com/go-iconoir/iconoir v0.2.0/go.mod h1:BrOQ68YO5BMsF7y+/nht4shbgjVfh9CxBoQF35eNosw=
github.com/go-images/images v0.0.0-20260811115337-bc5d586f8e38 h1:p+DjIujiwUvBiyD0oS9SUatf3pMKo0GpcA4p/Kyv7d8=
github.com/go-images/images v0.0.0-20260811115337-bc5d586f8e38/go.mod h1:nWwQCf77xG1GhaSD3rvlp7FNjjDhz47vrztyeBvIerk=
github.com/go-opentype/fonts v0.6.0 h1:pUKITjwC/gZg+XNCqP5eGLi8RHu2RAIcDrr6yp1VKMU=
github.com/go-opentype/fonts v0.6.0/go.mod h1:C6yQL2apHItfEZ5hztpsHF0S5mlX/hklLlq/Z5fRG/g=
github.com/go-opentype/opentype v0.5.0 h1:++VoqgbXgYACyTTNzUAivoxW9M3m2gxWMAn6bIY7DXg=
github.com/go-opentype/opentype v0.5.0/go.mod h1:AOixevJf7XQaH7+WG+OMIOZEbYPXfMqklVk26Y6YTUU=
github.com/go-opentype/shape v0.5.0 h1:jHNaOMHNBdDj5EixOevlrrsi92svMxvVMKN7GYaPfxo=
github.com/go-opentype/shape v0.5.0/go.mod h1:3ImRYNIj6zpwWQ/DV3BWhgMFfmzDITH6XpZw2auQHTo=
github.com/go-typeset/bidi v0.3.0 h1:4fjGjejvjE2LzLNzY4si8PkVO321NcsKIiANhWT3jF4=
github.com/go-typeset/bidi v0.3.0/go.mod h1:ct3cmYT8Qt1FGJQ+2QaakrUxqaP4ZysgdQQg2ym5+Xo=
github.com/go-widgets/mvvm v0.8.0 h1:DqyNiNNTdITkMOdAwGvWFuCd6xpTaDRS2S+LNxd8inA=
github.com/go-widgets/mvvm v0.8.0/go.mod h1:GuGxC1kVTiPWANsAfKBPFb2YlmoG55J3NmZauvyqJ6w=
github.com/go-widgets/painter v0.11.0 h1:xsj4zTz8B43rOZnWrx7ZsaUBMgJyvgaE/Pq2FfcG2Sw=
github.com/go-widgets/painter v0.11.0/go.mod h1:IPRLqdUJuJX8sfuHeYLZCzjoLvA0ApbOlyIAVmguJDQ=
github.com/go-widgets/toolkit v0.203.0 h1:HusfwKlT31YLC34mbLHR5klRTyx6MnKz6odf8YDjTdQ=
github.com/go-widgets/toolkit v0.203.0/go.mod h1:CgKorv767ex8Jh4QNoQVUNIQZMBQDdpJCFtpgA5lJGY=
github.com/godbus/dbus/v5 v5.2.2 h1:TUR3TgtSVDmjiXOgAAyaZbYmIeP3DPkld3jgKGV8mXQ=
github.com/godbus/dbus/v5 v5.2.2/go.mod h1:3AAv2+hPq5rdnr5txxxRwiGjPXamgoIHgz9FPBfOp3c=
github.com/pmezard/go-difflib v1.0.0 h1:4DBwDE0NGyQoBHbLQYPwSUPoCMWR5BEzIk/f1lZbAQM=
github.com/pmezard/go-difflib v1.0.0/go.mod h1:iKH77koFhYxTK1pcRnkKkqfTogsbg7gZNVY4sRDYZ/4=
github.com/stretchr/testify v1.9.0 h1:HtqpIVDClZ4nwg75+f6Lvsy/wHu+3BoSGCbBAcpTsTg=
github.com/stretchr/testify v1.9.0/go.mod h1:r2ic/lqez/lEtzL7wO/rwa5dbSLXVDPFyf8C91i36aY=
golang.org/x/image v0.45.0 h1:FMb1nTbH5H9vF55SriQHgFw5GnNL9Jg6L25BwXKzhB0=
golang.org/x/image v0.45.0/go.mod h1:n62x/7RqlwXDvGsSU4u6IUTUf6KghUZ9Bt7cG/T9Fx4=
golang.org/x/sys v0.47.0 h1:o7XGOvZQCADBQQ4Y7VNq2dRWQR7JmOUW8Kxx4ZsNgWs=
golang.org/x/sys v0.47.0/go.mod h1:4GL1E5IUh+htKOUEOaiffhrAeqysfVGipDYzABqnCmw=
gopkg.in/yaml.v3 v3.0.1 h1:fxVm/GzAzEWqLHuvctI91KS9hhNmmWOoWu0XTYJS7CA=
gopkg.in/yaml.v3 v3.0.1/go.mod h1:K4uyk7z7BCEPqu6E+C64Yfv1cQ7kz7rIZviUmN+EgEM=
